
Microsoft Visual Studio Solution File, Format Version 12.00
# Visual Studio Version 16
VisualStudioVersion = 16.0.31321.278
MinimumVisualStudioVersion = 10.0.40219.1
Project("{FAE04EC0-301F-11D3-BF4B-00C04F79EFBC}") = "SecurityMVC", "SecurityMVC\SecurityMVC.csproj", "{A9E47213-DCEC-4787-8AD1-D2F882050A08}"
EndProject
Global
	GlobalSection(SolutionConfigurationPlatforms) = preSolution
		Debug|Any CPU = Debug|Any CPU
		Release|Any CPU = Release|Any CPU
	EndGlobalSection
	GlobalSection(ProjectConfigurationPlatforms) = postSolution
		{A9E47213-DCEC-4787-8AD1-D2F882050A08}.Debug|Any CPU.ActiveCfg = Debug|Any CPU
		{A9E47213-DCEC-4787-8AD1-D2F882050A08}.Debug|Any CPU.Build.0 = Debug|Any CPU
		{A9E47213-DCEC-4787-8AD1-D2F882050A08}.Release|Any CPU.ActiveCfg = Release|Any CPU
		{A9E47213-DCEC-4787-8AD1-D2F882050A08}.Release|Any CPU.Build.0 = Release|Any CPU
	EndGlobalSection
	GlobalSection(SolutionProperties) = preSolution
		HideSolutionNode = FALSE
	EndGlobalSection
	GlobalSection(ExtensibilityGlobals) = postSolution
		SolutionGuid = {3E1B9A2D-7024-4157-A9A7-906D83190D03}
	EndGlobalSection
EndGlobal
